# This file is automatically @generated by Poetry 2.0.1 and should not be changed by hand.

[[package]]
name = "asgiref"
version = "3.8.1"
description = "ASGI specs, helper code, and adapters"
optional = false
python-versions = ">=3.8"
groups = ["main"]
files = [
    {file = "asgiref-3.8.1-py3-none-any.whl", hash = "sha256:3e1e3ecc849832fe52ccf2cb6686b7a55f82bb1d6aee72a58826471390335e47"},
    {file = "asgiref-3.8.1.tar.gz", hash = "sha256:c343bd80a0bec947a9860adb4c432ffa7db769836c64238fc34bdc3fec84d590"},
]

[package.dependencies]
typing-extensions = {version = ">=4", markers = "python_version < \"3.11\""}

[package.extras]
tests = ["mypy (>=0.800)", "pytest", "pytest-asyncio"]

[[package]]
name = "django"
version = "4.2.18"
description = "A high-level Python web framework that encourages rapid development and clean, pragmatic design."
optional = false
python-versions = ">=3.8"
groups = ["main"]
files = [
    {file = "Django-4.2.18-py3-none-any.whl", hash = "sha256:ba52eff7e228f1c775d5b0db2ba53d8c49d2f8bfe6ca0234df6b7dd12fb25b19"},
    {file = "Django-4.2.18.tar.gz", hash = "sha256:52ae8eacf635617c0f13b44f749e5ea13dc34262819b2cc8c8636abb08d82c4b"},
]

[package.dependencies]
asgiref = ">=3.6.0,<4"
sqlparse = ">=0.3.1"
tzdata = {version = "*", markers = "sys_platform == \"win32\""}

[package.extras]
argon2 = ["argon2-cffi (>=19.1.0)"]
bcrypt = ["bcrypt"]

[[package]]
name = "django-tree-queries"
version = "0.19.0"
description = "Tree queries with explicit opt-in, without configurability"
optional = false
python-versions = ">=3.8"
groups = ["main"]
files = [
    {file = "django_tree_queries-0.19.0-py3-none-any.whl", hash = "sha256:05b9e3158e31612528f136b4704a8d807e14edc0b4a607a45377e6132517ba2c"},
    {file = "django_tree_queries-0.19.0.tar.gz", hash = "sha256:d1325e75f96e90b86c4316a3d63498101ec05703f4e629786b561e8aaab0e4a7"},
]

[package.extras]
tests = ["coverage"]

[[package]]
name = "graphql-core"
version = "3.2.6"
description = "GraphQL implementation for Python, a port of GraphQL.js, the JavaScript reference implementation for GraphQL."
optional = false
python-versions = "<4,>=3.6"
groups = ["main"]
files = [
    {file = "graphql_core-3.2.6-py3-none-any.whl", hash = "sha256:78b016718c161a6fb20a7d97bbf107f331cd1afe53e45566c59f776ed7f0b45f"},
    {file = "graphql_core-3.2.6.tar.gz", hash = "sha256:c08eec22f9e40f0bd61d805907e3b3b1b9a320bc606e23dc145eebca07c8fbab"},
]

[package.dependencies]
typing-extensions = {version = ">=4,<5", markers = "python_version < \"3.10\""}

[[package]]
name = "psycopg2"
version = "2.9.10"
description = "psycopg2 - Python-PostgreSQL Database Adapter"
optional = false
python-versions = ">=3.8"
groups = ["main"]
files = [
    {file = "psycopg2-2.9.10-cp310-cp310-win32.whl", hash = "sha256:5df2b672140f95adb453af93a7d669d7a7bf0a56bcd26f1502329166f4a61716"},
    {file = "psycopg2-2.9.10-cp310-cp310-win_amd64.whl", hash = "sha256:c6f7b8561225f9e711a9c47087388a97fdc948211c10a4bccbf0ba68ab7b3b5a"},
    {file = "psycopg2-2.9.10-cp311-cp311-win32.whl", hash = "sha256:47c4f9875125344f4c2b870e41b6aad585901318068acd01de93f3677a6522c2"},
    {file = "psycopg2-2.9.10-cp311-cp311-win_amd64.whl", hash = "sha256:0435034157049f6846e95103bd8f5a668788dd913a7c30162ca9503fdf542cb4"},
    {file = "psycopg2-2.9.10-cp312-cp312-win32.whl", hash = "sha256:65a63d7ab0e067e2cdb3cf266de39663203d38d6a8ed97f5ca0cb315c73fe067"},
    {file = "psycopg2-2.9.10-cp312-cp312-win_amd64.whl", hash = "sha256:4a579d6243da40a7b3182e0430493dbd55950c493d8c68f4eec0b302f6bbf20e"},
    {file = "psycopg2-2.9.10-cp313-cp313-win_amd64.whl", hash = "sha256:91fd603a2155da8d0cfcdbf8ab24a2d54bca72795b90d2a3ed2b6da8d979dee2"},
    {file = "psycopg2-2.9.10-cp39-cp39-win32.whl", hash = "sha256:9d5b3b94b79a844a986d029eee38998232451119ad653aea42bb9220a8c5066b"},
    {file = "psycopg2-2.9.10-cp39-cp39-win_amd64.whl", hash = "sha256:88138c8dedcbfa96408023ea2b0c369eda40fe5d75002c0964c78f46f11fa442"},
    {file = "psycopg2-2.9.10.tar.gz", hash = "sha256:12ec0b40b0273f95296233e8750441339298e6a572f7039da5b260e3c8b60e11"},
]

[[package]]
name = "python-dateutil"
version = "2.9.0.post0"
description = "Extensions to the standard Python datetime module"
optional = false
python-versions = "!=3.0.*,!=3.1.*,!=3.2.*,>=2.7"
groups = ["main"]
files = [
    {file = "python-dateutil-2.9.0.post0.tar.gz", hash = "sha256:37dd54208da7e1cd875388217d5e00ebd4179249f90fb72437e91a35459a0ad3"},
    {file = "python_dateutil-2.9.0.post0-py2.py3-none-any.whl", hash = "sha256:a8b2bc7bffae282281c8140a97d3aa9c14da0b136dfe83f850eea9a5f7470427"},
]

[package.dependencies]
six = ">=1.5"

[[package]]
name = "six"
version = "1.17.0"
description = "Python 2 and 3 compatibility utilities"
optional = false
python-versions = "!=3.0.*,!=3.1.*,!=3.2.*,>=2.7"
groups = ["main"]
files = [
    {file = "six-1.17.0-py2.py3-none-any.whl", hash = "sha256:4721f391ed90541fddacab5acf947aa0d3dc7d27b2e1e8eda2be8970586c3274"},
    {file = "six-1.17.0.tar.gz", hash = "sha256:ff70335d468e7eb6ec65b95b99d3a2836546063f63acc5171de367e834932a81"},
]

[[package]]
name = "sqlparse"
version = "0.5.3"
description = "A non-validating SQL parser."
optional = false
python-versions = ">=3.8"
groups = ["main"]
files = [
    {file = "sqlparse-0.5.3-py3-none-any.whl", hash = "sha256:cf2196ed3418f3ba5de6af7e82c694a9fbdbfecccdfc72e281548517081f16ca"},
    {file = "sqlparse-0.5.3.tar.gz", hash = "sha256:09f67787f56a0b16ecdbde1bfc7f5d9c3371ca683cfeaa8e6ff60b4807ec9272"},
]

[package.extras]
dev = ["build", "hatch"]
doc = ["sphinx"]

[[package]]
name = "strawberry-graphql"
version = "0.258.0"
description = "A library for creating GraphQL APIs"
optional = false
python-versions = "<4.0,>=3.9"
groups = ["main"]
files = [
    {file = "strawberry_graphql-0.258.0-py3-none-any.whl", hash = "sha256:041adda6e9a97ca337793f6c07fe4db0a9793226907394a00022782f132040ec"},
    {file = "strawberry_graphql-0.258.0.tar.gz", hash = "sha256:3975c638f751e9b87cefd5eb1a29c1f33e639b1f218f199578114fb839dec94c"},
]

[package.dependencies]
graphql-core = ">=3.2.0,<3.4.0"
python-dateutil = ">=2.7.0,<3.0.0"
typing-extensions = ">=4.5.0"

[package.extras]
aiohttp = ["aiohttp (>=3.7.4.post0,<4.0.0)"]
asgi = ["python-multipart (>=0.0.7)", "starlette (>=0.18.0)"]
chalice = ["chalice (>=1.22,<2.0)"]
channels = ["asgiref (>=3.2,<4.0)", "channels (>=3.0.5)"]
cli = ["libcst (>=0.4.7)", "pygments (>=2.3,<3.0)", "rich (>=12.0.0)", "typer (>=0.7.0)"]
debug = ["libcst (>=0.4.7)", "rich (>=12.0.0)"]
debug-server = ["libcst (>=0.4.7)", "pygments (>=2.3,<3.0)", "python-multipart (>=0.0.7)", "rich (>=12.0.0)", "starlette (>=0.18.0)", "typer (>=0.7.0)", "uvicorn (>=0.11.6)"]
django = ["Django (>=3.2)", "asgiref (>=3.2,<4.0)"]
fastapi = ["fastapi (>=0.65.2)", "python-multipart (>=0.0.7)"]
flask = ["flask (>=1.1)"]
litestar = ["litestar (>=2)"]
opentelemetry = ["opentelemetry-api (<2)", "opentelemetry-sdk (<2)"]
pydantic = ["pydantic (>1.6.1)"]
pyinstrument = ["pyinstrument (>=4.0.0)"]
quart = ["quart (>=0.19.3)"]
sanic = ["sanic (>=20.12.2)"]

[[package]]
name = "strawberry-graphql-django"
version = "0.55.1"
description = "Strawberry GraphQL Django extension"
optional = false
python-versions = "<4.0,>=3.9"
groups = ["main"]
files = [
    {file = "strawberry_graphql_django-0.55.1-py3-none-any.whl", hash = "sha256:810caf10c8d390c895750b09718a8d669a6f86d7e72508ba114d6d8f32eb045f"},
    {file = "strawberry_graphql_django-0.55.1.tar.gz", hash = "sha256:23c37d3df259062c10ac1579759d60270fe5cc6b3dcc8842c5cd37b994577614"},
]

[package.dependencies]
asgiref = ">=3.8"
django = ">=4.2"
django-tree-queries = ">=0.19.0,<0.20.0"
strawberry-graphql = ">=0.258.0"

[package.extras]
debug-toolbar = ["django-debug-toolbar (>=3.4)"]
enum = ["django-choices-field (>=2.2.2)"]

[[package]]
name = "typing-extensions"
version = "4.12.2"
description = "Backported and Experimental Type Hints for Python 3.8+"
optional = false
python-versions = ">=3.8"
groups = ["main"]
files = [
    {file = "typing_extensions-4.12.2-py3-none-any.whl", hash = "sha256:04e5ca0351e0f3f85c6853954072df659d0d13fac324d0072316b67d7794700d"},
    {file = "typing_extensions-4.12.2.tar.gz", hash = "sha256:1a7ead55c7e559dd4dee8856e3a88b41225abfe1ce8df57b7c13915fe121ffb8"},
]

[[package]]
name = "tzdata"
version = "2025.1"
description = "Provider of IANA time zone data"
optional = false
python-versions = ">=2"
groups = ["main"]
markers = "sys_platform == \"win32\""
files = [
    {file = "tzdata-2025.1-py2.py3-none-any.whl", hash = "sha256:7e127113816800496f027041c570f50bcd464a020098a3b6b199517772303639"},
    {file = "tzdata-2025.1.tar.gz", hash = "sha256:24894909e88cdb28bd1636c6887801df64cb485bd593f2fd83ef29075a81d694"},
]

[metadata]
lock-version = "2.1"
python-versions = ">=3.9,<4"
content-hash = "61a6f1a1db0d36a16acb657e211c000680b259558bd60fa855ae453331f18e60"
